
Microsoft Visual Studio Solution File, Format Version 12.00
# Visual Studio Version 17
VisualStudioVersion = 17.0.31903.59
MinimumVisualStudioVersion = 10.0.40219.1
Project("{9A19103F-16F7-4668-BE54-9A1E7A4F7556}") = "WebAPI", "WebAPI\WebAPI.csproj", "{42A707CB-4A64-4B4D-94C7-0460851604EF}"
EndProject
Project("{9A19103F-16F7-4668-BE54-9A1E7A4F7556}") = "xUnitTests", "xUnitTests\xUnitTests.csproj", "{698969D1-2A45-4404-92BE-077EF86DAD39}"
EndProject
Project("{9A19103F-16F7-4668-BE54-9A1E7A4F7556}") = "Frontend", "Frontend\Frontend.csproj", "{4C1F0EDC-A14A-4589-AD81-1C1671EF728B}"
EndProject
Project("{9A19103F-16F7-4668-BE54-9A1E7A4F7556}") = "SocialNetwork.Classes", "SocialNetwork.Classes\SocialNetwork.Classes.csproj", "{75A9BAC2-E514-46B5-8C12-4B24B2C911E0}"
EndProject
Project("{FAE04EC0-301F-11D3-BF4B-00C04F79EFBC}") = "SocialNetwork.WebApi.Proxy", "SocialNetwork.WebApi.Proxy\SocialNetwork.WebApi.Proxy.csproj", "{7310CB8A-D7EA-45DE-B356-EA284AD8678A}"
EndProject
Global
	GlobalSection(SolutionConfigurationPlatforms) = preSolution
		Debug|Any CPU = Debug|Any CPU
		Release|Any CPU = Release|Any CPU
	EndGlobalSection
	GlobalSection(ProjectConfigurationPlatforms) = postSolution
		{42A707CB-4A64-4B4D-94C7-0460851604EF}.Debug|Any CPU.ActiveCfg = Debug|Any CPU
		{42A707CB-4A64-4B4D-94C7-0460851604EF}.Debug|Any CPU.Build.0 = Debug|Any CPU
		{42A707CB-4A64-4B4D-94C7-0460851604EF}.Release|Any CPU.ActiveCfg = Release|Any CPU
		{42A707CB-4A64-4B4D-94C7-0460851604EF}.Release|Any CPU.Build.0 = Release|Any CPU
		{698969D1-2A45-4404-92BE-077EF86DAD39}.Debug|Any CPU.ActiveCfg = Debug|Any CPU
		{698969D1-2A45-4404-92BE-077EF86DAD39}.Debug|Any CPU.Build.0 = Debug|Any CPU
		{698969D1-2A45-4404-92BE-077EF86DAD39}.Release|Any CPU.ActiveCfg = Release|Any CPU
		{698969D1-2A45-4404-92BE-077EF86DAD39}.Release|Any CPU.Build.0 = Release|Any CPU
		{4C1F0EDC-A14A-4589-AD81-1C1671EF728B}.Debug|Any CPU.ActiveCfg = Debug|Any CPU
		{4C1F0EDC-A14A-4589-AD81-1C1671EF728B}.Debug|Any CPU.Build.0 = Debug|Any CPU
		{4C1F0EDC-A14A-4589-AD81-1C1671EF728B}.Release|Any CPU.ActiveCfg = Release|Any CPU
		{4C1F0EDC-A14A-4589-AD81-1C1671EF728B}.Release|Any CPU.Build.0 = Release|Any CPU
		{75A9BAC2-E514-46B5-8C12-4B24B2C911E0}.Debug|Any CPU.ActiveCfg = Debug|Any CPU
		{75A9BAC2-E514-46B5-8C12-4B24B2C911E0}.Debug|Any CPU.Build.0 = Debug|Any CPU
		{75A9BAC2-E514-46B5-8C12-4B24B2C911E0}.Release|Any CPU.ActiveCfg = Release|Any CPU
		{75A9BAC2-E514-46B5-8C12-4B24B2C911E0}.Release|Any CPU.Build.0 = Release|Any CPU
		{7310CB8A-D7EA-45DE-B356-EA284AD8678A}.Debug|Any CPU.ActiveCfg = Debug|Any CPU
		{7310CB8A-D7EA-45DE-B356-EA284AD8678A}.Debug|Any CPU.Build.0 = Debug|Any CPU
		{7310CB8A-D7EA-45DE-B356-EA284AD8678A}.Release|Any CPU.ActiveCfg = Release|Any CPU
		{7310CB8A-D7EA-45DE-B356-EA284AD8678A}.Release|Any CPU.Build.0 = Release|Any CPU
	EndGlobalSection
	GlobalSection(SolutionProperties) = preSolution
		HideSolutionNode = FALSE
	EndGlobalSection
	GlobalSection(ExtensibilityGlobals) = postSolution
		SolutionGuid = {F96BBAD1-390B-4444-97A8-1D7932AC37AD}
	EndGlobalSection
EndGlobal
